// !$*UTF8*$!
{
	archiveVersion = 1;
	classes = {
	};
	objectVersion = 50;
	objects = {

/* Begin PBXBuildFile section */
		64FADB5423D14223003E1A10 /* AppDelegate.swift in Sources */ = {isa = PBXBuildFile; fileRef = 64FADB5323D14223003E1A10 /* AppDelegate.swift */; };
		64FADB5623D14223003E1A10 /* SceneDelegate.swift in Sources */ = {isa = PBXBuildFile; fileRef = 64FADB5523D14223003E1A10 /* SceneDelegate.swift */; };
		64FADB5823D14223003E1A10 /* ViewController.swift in Sources */ = {isa = PBXBuildFile; fileRef = 64FADB5723D14223003E1A10 /* ViewController.swift */; };
		64FADB5B23D14223003E1A10 /* Main.storyboard in Resources */ = {isa = PBXBuildFile; fileRef = 64FADB5923D14223003E1A10 /* Main.storyboard */; };
		64FADB5D23D14224003E1A10 /* Assets.xcassets in Resources */ = {isa = PBXBuildFile; fileRef = 64FADB5C23D14224003E1A10 /* Assets.xcassets */; };
		64FADB6023D14224003E1A10 /* LaunchScreen.storyboard in Resources */ = {isa = PBXBuildFile; fileRef = 64FADB5E23D14224003E1A10 /* LaunchScreen.storyboard */; };
/* End PBXBuildFile section */

/* Begin PBXFileReference section */
		64FADB5023D14223003E1A10 /* AppWorksSchoolMidterm.app */ = {isa = PBXFileReference; explicitFileType = wrapper.application; includeInIndex = 0; path = AppWorksSchoolMidterm.app; sourceTree = BUILT_PRODUCTS_DIR; };
		64FADB5323D14223003E1A10 /* AppDelegate.swift */ = {isa = PBXFileReference; lastKnownFileType = sourcecode.swift; path = AppDelegate.swift; sourceTree = "<group>"; };
		64FADB5523D14223003E1A10 /* SceneDelegate.swift */ = {isa = PBXFileReference; lastKnownFileType = sourcecode.swift; path = SceneDelegate.swift; sourceTree = "<group>"; };
		64FADB5723D14223003E1A10 /* ViewController.swift */ = {isa = PBXFileReference; lastKnownFileType = sourcecode.swift; path = ViewController.swift; sourceTree = "<group>"; };
		64FADB5A23D14223003E1A10 /* Base */ = {isa = PBXFileReference; lastKnownFileType = file.storyboard; name = Base; path = Base.lproj/Main.storyboard; sourceTree = "<group>"; };
		64FADB5C23D14224003E1A10 /* Assets.xcassets */ = {isa = PBXFileReference; lastKnownFileType = folder.assetcatalog; path = Assets.xcassets; sourceTree = "<group>"; };
		64FADB5F23D14224003E1A10 /* Base */ = {isa = PBXFileReference; lastKnownFileType = file.storyboard; name = Base; path = Base.lproj/LaunchScreen.storyboard; sourceTree = "<group>"; };
		64FADB6123D14224003E1A10 /* Info.plist */ = {isa = PBXFileReference; lastKnownFileType = text.plist.xml; path = Info.plist; sourceTree = "<group>"; };
/* End PBXFileReference section */

/* Begin PBXFrameworksBuildPhase section */
		64FADB4D23D14223003E1A10 /* Frameworks */ = {
			isa = PBXFrameworksBuildPhase;
			buildActionMask = 2147483647;
			files = (
			);
			runOnlyForDeploymentPostprocessing = 0;
		};
/* End PBXFrameworksBuildPhase section */

/* Begin PBXGroup section */
		64FADB4723D14223003E1A10 = {
			isa = PBXGroup;
			children = (
				64FADB5223D14223003E1A10 /* AppWorksSchoolMidterm */,
				64FADB5123D14223003E1A10 /* Products */,
			);
			sourceTree = "<group>";
		};
		64FADB5123D14223003E1A10 /* Products */ = {
			isa = PBXGroup;
			children = (
				64FADB5023D14223003E1A10 /* AppWorksSchoolMidterm.app */,
			);
			name = Products;
			sourceTree = "<group>";
		};
		64FADB5223D14223003E1A10 /* AppWorksSchoolMidterm */ = {
			isa = PBXGroup;
			children = (
				64FADB5323D14223003E1A10 /* AppDelegate.swift */,
				64FADB5523D14223003E1A10 /* SceneDelegate.swift */,
				64FADB5723D14223003E1A10 /* ViewController.swift */,
				64FADB5923D14223003E1A10 /* Main.storyboard */,
				64FADB5C23D14224003E1A10 /* Assets.xcassets */,
				64FADB5E23D14224003E1A10 /* LaunchScreen.storyboard */,
				64FADB6123D14224003E1A10 /* Info.plist */,
			);
			path = AppWorksSchoolMidterm;
			sourceTree = "<group>";
		};
/* End PBXGroup section */

/* Begin PBXNativeTarget section */
		64FADB4F23D14223003E1A10 /* AppWorksSchoolMidterm */ = {
			isa = PBXNativeTarget;
			buildConfigurationList = 64FADB6423D14224003E1A10 /* Build configuration list for PBXNativeTarget "AppWorksSchoolMidterm" */;
			buildPhases = (
				64FADB4C23D14223003E1A10 /* Sources */,
				64FADB4D23D14223003E1A10 /* Frameworks */,
				64FADB4E23D14223003E1A10 /* Resources */,
			);
			buildRules = (
			);
			dependencies = (
			);
			name = AppWorksSchoolMidterm;
			productName = AppWorksSchoolMidterm;
			productReference = 64FADB5023D14223003E1A10 /* AppWorksSchoolMidterm.app */;
			productType = "com.apple.product-type.application";
		};
/* End PBXNativeTarget section */

/* Begin PBXProject section */
		64FADB4823D14223003E1A10 /* Project object */ = {
			isa = PBXProject;
			attributes = {
				LastSwiftUpdateCheck = 1120;
				LastUpgradeCheck = 1120;
				ORGANIZATIONNAME = Hamburger;
				TargetAttributes = {
					64FADB4F23D14223003E1A10 = {
						CreatedOnToolsVersion = 11.2.1;
					};
				};
			};
			buildConfigurationList = 64FADB4B23D14223003E1A10 /* Build configuration list for PBXProject "AppWorksSchoolMidterm" */;
			compatibilityVersion = "Xcode 9.3";
			developmentRegion = en;
			hasScannedForEncodings = 0;
			knownRegions = (
				en,
				Base,
			);
			mainGroup = 64FADB4723D14223003E1A10;
			productRefGroup = 64FADB5123D14223003E1A10 /* Products */;
			projectDirPath = "";
			projectRoot = "";
			targets = (
				64FADB4F23D14223003E1A10 /* AppWorksSchoolMidterm */,
			);
		};
/* End PBXProject section */

/* Begin PBXResourcesBuildPhase section */
		64FADB4E23D14223003E1A10 /* Resources */ = {
			isa = PBXResourcesBuildPhase;
			buildActionMask = 2147483647;
			files = (
				64FADB6023D14224003E1A10 /* LaunchScreen.storyboard in Resources */,
				64FADB5D23D14224003E1A10 /* Assets.xcassets in Resources */,
				64FADB5B23D14223003E1A10 /* Main.storyboard in Resources */,
			);
			runOnlyForDeploymentPostprocessing = 0;
		};
/* End PBXResourcesBuildPhase section */

/* Begin PBXSourcesBuildPhase section */
		64FADB4C23D14223003E1A10 /* Sources */ = {
			isa = PBXSourcesBuildPhase;
			buildActionMask = 2147483647;
			files = (
				64FADB5823D14223003E1A10 /* ViewController.swift in Sources */,
				64FADB5423D14223003E1A10 /* AppDelegate.swift in Sources */,
				64FADB5623D14223003E1A10 /* SceneDelegate.swift in Sources */,
			);
			runOnlyForDeploymentPostprocessing = 0;
		};
/* End PBXSourcesBuildPhase section */

/* Begin PBXVariantGroup section */
		64FADB5923D14223003E1A10 /* Main.storyboard */ = {
			isa = PBXVariantGroup;
			children = (
				64FADB5A23D14223003E1A10 /* Base */,
			);
			name = Main.storyboard;
			sourceTree = "<group>";
		};
		64FADB5E23D14224003E1A10 /* LaunchScreen.storyboard */ = {
			isa = PBXVariantGroup;
			children = (
				64FADB5F23D14224003E1A10 /* Base */,
			);
			name = LaunchScreen.storyboard;
			sourceTree = "<group>";
		};
/* End PBXVariantGroup section */

/* Begin XCBuildConfiguration section */
		64FADB6223D14224003E1A10 /* Debug */ = {
			isa = XCBuildConfiguration;
			buildSettings = {
				ALWAYS_SEARCH_USER_PATHS = NO;
				CLANG_ANALYZER_NONNULL = YES;
				CLANG_ANALYZER_NUMBER_OBJECT_CONVERSION = YES_AGGRESSIVE;
				CLANG_CXX_LANGUAGE_STANDARD = "gnu++14";
				CLANG_CXX_LIBRARY = "libc++";
				CLANG_ENABLE_MODULES = YES;
				CLANG_ENABLE_OBJC_ARC = YES;
				CLANG_ENABLE_OBJC_WEAK = YES;
				CLANG_WARN_BLOCK_CAPTURE_AUTORELEASING = YES;
				CLANG_WARN_BOOL_CONVERSION = YES;
				CLANG_WARN_COMMA = YES;
				CLANG_WARN_CONSTANT_CONVERSION = YES;
				CLANG_WARN_DEPRECATED_OBJC_IMPLEMENTATIONS = YES;
				CLANG_WARN_DIRECT_OBJC_ISA_USAGE = YES_ERROR;
				CLANG_WARN_DOCUMENTATION_COMMENTS = YES;
				CLANG_WARN_EMPTY_BODY = YES;
				CLANG_WARN_ENUM_CONVERSION = YES;
				CLANG_WARN_INFINITE_RECURSION = YES;
				CLANG_WARN_INT_CONVERSION = YES;
				CLANG_WARN_NON_LITERAL_NULL_CONVERSION = YES;
				CLANG_WARN_OBJC_IMPLICIT_RETAIN_SELF = YES;
				CLANG_WARN_OBJC_LITERAL_CONVERSION = YES;
				CLANG_WARN_OBJC_ROOT_CLASS = YES_ERROR;
				CLANG_WARN_RANGE_LOOP_ANALYSIS = YES;
				CLANG_WARN_STRICT_PROTOTYPES = YES;
				CLANG_WARN_SUSPICIOUS_MOVE = YES;
				CLANG_WARN_UNGUARDED_AVAILABILITY = YES_AGGRESSIVE;
				CLANG_WARN_UNREACHABLE_CODE = YES;
				CLANG_WARN__DUPLICATE_METHOD_MATCH = YES;
				COPY_PHASE_STRIP = NO;
				DEBUG_INFORMATION_FORMAT = dwarf;
				ENABLE_STRICT_OBJC_MSGSEND = YES;
				ENABLE_TESTABILITY = YES;
				GCC_C_LANGUAGE_STANDARD = gnu11;
				GCC_DYNAMIC_NO_PIC = NO;
				GCC_NO_COMMON_BLOCKS = YES;
				GCC_OPTIMIZATION_LEVEL = 0;
				GCC_PREPROCESSOR_DEFINITIONS = (
					"DEBUG=1",
					"$(inherited)",
				);
				GCC_WARN_64_TO_32_BIT_CONVERSION = YES;
				GCC_WARN_ABOUT_RETURN_TYPE = YES_ERROR;
				GCC_WARN_UNDECLARED_SELECTOR = YES;
				GCC_WARN_UNINITIALIZED_AUTOS = YES_AGGRESSIVE;
				GCC_WARN_UNUSED_FUNCTION = YES;
				GCC_WARN_UNUSED_VARIABLE = YES;
				IPHONEOS_DEPLOYMENT_TARGET = 13.2;
				MTL_ENABLE_DEBUG_INFO = INCLUDE_SOURCE;
				MTL_FAST_MATH = YES;
				ONLY_ACTIVE_ARCH = YES;
				SDKROOT = iphoneos;
				SWIFT_ACTIVE_COMPILATION_CONDITIONS = DEBUG;
				SWIFT_OPTIMIZATION_LEVEL = "-Onone";
			};
			name = Debug;
		};
		64FADB6323D14224003E1A10 /* Release */ = {
			isa = XCBuildConfiguration;
			buildSettings = {
				ALWAYS_SEARCH_USER_PATHS = NO;
				CLANG_ANALYZER_NONNULL = YES;
				CLANG_ANALYZER_NUMBER_OBJECT_CONVERSION = YES_AGGRESSIVE;
				CLANG_CXX_LANGUAGE_STANDARD = "gnu++14";
				CLANG_CXX_LIBRARY = "libc++";
				CLANG_ENABLE_MODULES = YES;
				CLANG_ENABLE_OBJC_ARC = YES;
				CLANG_ENABLE_OBJC_WEAK = YES;
				CLANG_WARN_BLOCK_CAPTURE_AUTORELEASING = YES;
				CLANG_WARN_BOOL_CONVERSION = YES;
				CLANG_WARN_COMMA = YES;
				CLANG_WARN_CONSTANT_CONVERSION = YES;
				CLANG_WARN_DEPRECATED_OBJC_IMPLEMENTATIONS = YES;
				CLANG_WARN_DIRECT_OBJC_ISA_USAGE = YES_ERROR;
				CLANG_WARN_DOCUMENTATION_COMMENTS = YES;
				CLANG_WARN_EMPTY_BODY = YES;
				CLANG_WARN_ENUM_CONVERSION = YES;
				CLANG_WARN_INFINITE_RECURSION = YES;
				CLANG_WARN_INT_CONVERSION = YES;
				CLANG_WARN_NON_LITERAL_NULL_CONVERSION = YES;
				CLANG_WARN_OBJC_IMPLICIT_RETAIN_SELF = YES;
				CLANG_WARN_OBJC_LITERAL_CONVERSION = YES;
				CLANG_WARN_OBJC_ROOT_CLASS = YES_ERROR;
				CLANG_WARN_RANGE_LOOP_ANALYSIS = YES;
				CLANG_WARN_STRICT_PROTOTYPES = YES;
				CLANG_WARN_SUSPICIOUS_MOVE = YES;
				CLANG_WARN_UNGUARDED_AVAILABILITY = YES_AGGRESSIVE;
				CLANG_WARN_UNREACHABLE_CODE = YES;
				CLANG_WARN__DUPLICATE_METHOD_MATCH = YES;
				COPY_PHASE_STRIP = NO;
				DEBUG_INFORMATION_FORMAT = "dwarf-with-dsym";
				ENABLE_NS_ASSERTIONS = NO;
				ENABLE_STRICT_OBJC_MSGSEND = YES;
				GCC_C_LANGUAGE_STANDARD = gnu11;
				GCC_NO_COMMON_BLOCKS = YES;
				GCC_WARN_64_TO_32_BIT_CONVERSION = YES;
				GCC_WARN_ABOUT_RETURN_TYPE = YES_ERROR;
				GCC_WARN_UNDECLARED_SELECTOR = YES;
				GCC_WARN_UNINITIALIZED_AUTOS = YES_AGGRESSIVE;
				GCC_WARN_UNUSED_FUNCTION = YES;
				GCC_WARN_UNUSED_VARIABLE = YES;
				IPHONEOS_DEPLOYMENT_TARGET = 13.2;
				MTL_ENABLE_DEBUG_INFO = NO;
				MTL_FAST_MATH = YES;
				SDKROOT = iphoneos;
				SWIFT_COMPILATION_MODE = wholemodule;
				SWIFT_OPTIMIZATION_LEVEL = "-O";
				VALIDATE_PRODUCT = YES;
			};
			name = Release;
		};
		64FADB6523D14224003E1A10 /* Debug */ = {
			isa = XCBuildConfiguration;
			buildSettings = {
				ASSETCATALOG_COMPILER_APPICON_NAME = AppIcon;
				CODE_SIGN_STYLE = Automatic;
				INFOPLIST_FILE = AppWorksSchoolMidterm/Info.plist;
				LD_RUNPATH_SEARCH_PATHS = (
					"$(inherited)",
					"@executable_path/Frameworks",
				);
				PRODUCT_BUNDLE_IDENTIFIER = com.hamburger.AppWorksSchoolMidterm;
				PRODUCT_NAME = "$(TARGET_NAME)";
				SWIFT_VERSION = 5.0;
				TARGETED_DEVICE_FAMILY = "1,2";
			};
			name = Debug;
		};
		64FADB6623D14224003E1A10 /* Release */ = {
			isa = XCBuildConfiguration;
			buildSettings = {
				ASSETCATALOG_COMPILER_APPICON_NAME = AppIcon;
				CODE_SIGN_STYLE = Automatic;
				INFOPLIST_FILE = AppWorksSchoolMidterm/Info.plist;
				LD_RUNPATH_SEARCH_PATHS = (
					"$(inherited)",
					"@executable_path/Frameworks",
				);
				PRODUCT_BUNDLE_IDENTIFIER = com.hamburger.AppWorksSchoolMidterm;
				PRODUCT_NAME = "$(TARGET_NAME)";
				SWIFT_VERSION = 5.0;
				TARGETED_DEVICE_FAMILY = "1,2";
			};
			name = Release;
		};
/* End XCBuildConfiguration section */

/* Begin XCConfigurationList section */
		64FADB4B23D14223003E1A10 /* Build configuration list for PBXProject "AppWorksSchoolMidterm" */ = {
			isa = XCConfigurationList;
			buildConfigurations = (
				64FADB6223D14224003E1A10 /* Debug */,
				64FADB6323D14224003E1A10 /* Release */,
			);
			defaultConfigurationIsVisible = 0;
			defaultConfigurationName = Release;
		};
		64FADB6423D14224003E1A10 /* Build configuration list for PBXNativeTarget "AppWorksSchoolMidterm" */ = {
			isa = XCConfigurationList;
			buildConfigurations = (
				64FADB6523D14224003E1A10 /* Debug */,
				64FADB6623D14224003E1A10 /* Release */,
			);
			defaultConfigurationIsVisible = 0;
			defaultConfigurationName = Release;
		};
/* End XCConfigurationList section */
	};
	rootObject = 64FADB4823D14223003E1A10 /* Project object */;
}
